github.com/go-playground/errors v3.3.0+incompatible h1:w7qP6bdFXNmI86aV8VEfhXrGxoQWYHc/OX4Muw4FgW0=
github.com/go-playground/errors v3.3.0+incompatible/go.mod h1:n+RcthKmtLxDczVHKkhqiUSOGtTjvRl+HB4Gga0vWSI=
github.com/go-playground/errors/v5 v5.2.3 h1:RPxaFHgJZjgk/OFkUcfytJgRQKRINLtueVxgOdnfPpg=
github.com/go-playground/errors/v5 v5.2.3/go.mod h1:DincxRGwraWmq39TZDqtnOtHGOJ+AbNbO0OmBzX6MLw=
github.com/go-playground/log v6.3.0+incompatible h1:CVT3y82/iLS65WJ4xfF8+SI6dxRdMiXpX+9surI/R2U=
github.com/go-playground/log v6.3.0+incompatible/go.mod h1:3M1OvdKL8KYwOjJa3XM42iqzpvde2LHla8Ys0oz7Ma0=
github.com/go-playground/log/v8 v8.0.1 h1:yclpYIMZ49kTwtRZsmFlPRr/mmgBrRAXzC7FcZn9jmM=
github.com/go-playground/log/v8 v8.0.1/go.mod h1:G6XdEdQBItRKCi6XtQ2CMSkyP81AScSQEnNqKzknaT4=
github.com/go-playground/pkg/v5 v5.6.0 h1:97YpRFzIcS5NFP2Uzxj8cPYz4zTuwweyXADYcA1KfUQ=
github.com/go-playground/pkg/v5 v5.6.0/go.mod h1:TvZ2nNtNh6VfoNteY9ApA2BXt1ZwJliFZ4hzPAwLS9Y=
golang.org/x/net v0.0.0-20220708220712-1185a9018129 h1:vucSRfWwTsoXro7P+3Cjlr6flUMtzCwzlvkxEQtHHB0=
golang.org/x/net v0.0.0-20220708220712-1185a9018129/go.mod h1:XRhObCWvk6IyKnWLug+ECip1KBveYUHfp+8e9klMJ9c=
golang.org/x/sys v0.0.0-20220520151302-bc2c85ada10a h1:dGzPydgVsqGcTRVwiLJ1jVbufYwmzD3LfVPLKsKg+0k=
golang.org/x/sys v0.0.0-20220520151302-bc2c85ada10a/go.mod h1:oPkhp1MJrh7nUepCBck5+mAzfO9JrbApNNgaTdGDITg=
golang.org/x/sys v0.0.0-20220715151400-c0bba94af5f8 h1:0A+M6Uqn+Eje4kHMK80dtF3JCXC4ykBgQG4Fe06QRhQ=
golang.org/x/sys v0.0.0-20220715151400-c0bba94af5f8/go.mod h1:oPkhp1MJrh7nUepCBck5+mAzfO9JrbApNNgaTdGDITg=
golang.org/x/term v0.0.0-20220526004731-065cf7ba2467 h1:CBpWXWQpIRjzmkkA+M7q9Fqnwd2mZr3AFqexg8YTfoM=
golang.org/x/term v0.0.0-20220526004731-065cf7ba2467/go.mod h1:jbD1KX2456YbFQfuXm/mYQcufACuNUgVhRMnK/tPxf8=
